
Microsoft Visual Studio Solution File, Format Version 12.00
# Visual Studio Version 16
VisualStudioVersion = 16.0.29230.47
MinimumVisualStudioVersion = 10.0.40219.1
Project("{9A19103F-16F7-4668-BE54-9A1E7A4F7556}") = "InpuExportExcel", "InpuExportExcel\InpuExportExcel.csproj", "{E7F0EBEE-648C-4AF2-9D42-0171298A0950}"
EndProject
Project("{9A19103F-16F7-4668-BE54-9A1E7A4F7556}") = "ExcelParserLibrary", "ExcelParserLibrary\ExcelParserLibrary.csproj", "{BEF56A6A-9429-43BD-A83D-E7468F89CD13}"
EndProject
Project("{2150E333-8FDC-42A3-9474-1A3956D46DE8}") = "tests", "tests", "{EDB503ED-0B7B-4D76-8689-EA8938A25B44}"
EndProject
Project("{9A19103F-16F7-4668-BE54-9A1E7A4F7556}") = "InputExportExcel.DAL", "InputExportExcel.DAL\InputExportExcel.DAL.csproj", "{7AE0D842-5752-49F9-80F4-9ADECF4F7495}"
EndProject
Project("{9A19103F-16F7-4668-BE54-9A1E7A4F7556}") = "ExcelParcerLibraryNUnitTest", "ExcelParcerLibraryNUnitTest\ExcelParcerLibraryNUnitTest.csproj", "{41510E02-E6AE-44D5-8AF6-33D560A6D732}"
EndProject
Project("{9A19103F-16F7-4668-BE54-9A1E7A4F7556}") = "GridFsLibrary", "GridFsLibrary\GridFsLibrary.csproj", "{F41FDDDA-2BD9-462D-B3A3-2980B87B4A95}"
EndProject
Project("{9A19103F-16F7-4668-BE54-9A1E7A4F7556}") = "AutoGenerateData", "AutoGenerateData\AutoGenerateData\AutoGenerateData.csproj", "{8EB84611-9B16-4604-85E9-A976C4EA920B}"
EndProject
Project("{FAE04EC0-301F-11D3-BF4B-00C04F79EFBC}") = "AutoGenerateDataNUnitTest", "AutoGenerateDataNUnitTest\AutoGenerateDataNUnitTest.csproj", "{2AB7D769-20CF-4316-A5FD-510576A0D637}"
EndProject
Global
	GlobalSection(SolutionConfigurationPlatforms) = preSolution
		Debug|Any CPU = Debug|Any CPU
		Release|Any CPU = Release|Any CPU
	EndGlobalSection
	GlobalSection(ProjectConfigurationPlatforms) = postSolution
		{E7F0EBEE-648C-4AF2-9D42-0171298A0950}.Debug|Any CPU.ActiveCfg = Debug|Any CPU
		{E7F0EBEE-648C-4AF2-9D42-0171298A0950}.Debug|Any CPU.Build.0 = Debug|Any CPU
		{E7F0EBEE-648C-4AF2-9D42-0171298A0950}.Release|Any CPU.ActiveCfg = Release|Any CPU
		{E7F0EBEE-648C-4AF2-9D42-0171298A0950}.Release|Any CPU.Build.0 = Release|Any CPU
		{BEF56A6A-9429-43BD-A83D-E7468F89CD13}.Debug|Any CPU.ActiveCfg = Debug|Any CPU
		{BEF56A6A-9429-43BD-A83D-E7468F89CD13}.Debug|Any CPU.Build.0 = Debug|Any CPU
		{BEF56A6A-9429-43BD-A83D-E7468F89CD13}.Release|Any CPU.ActiveCfg = Release|Any CPU
		{BEF56A6A-9429-43BD-A83D-E7468F89CD13}.Release|Any CPU.Build.0 = Release|Any CPU
		{7AE0D842-5752-49F9-80F4-9ADECF4F7495}.Debug|Any CPU.ActiveCfg = Debug|Any CPU
		{7AE0D842-5752-49F9-80F4-9ADECF4F7495}.Debug|Any CPU.Build.0 = Debug|Any CPU
		{7AE0D842-5752-49F9-80F4-9ADECF4F7495}.Release|Any CPU.ActiveCfg = Release|Any CPU
		{7AE0D842-5752-49F9-80F4-9ADECF4F7495}.Release|Any CPU.Build.0 = Release|Any CPU
		{41510E02-E6AE-44D5-8AF6-33D560A6D732}.Debug|Any CPU.ActiveCfg = Debug|Any CPU
		{41510E02-E6AE-44D5-8AF6-33D560A6D732}.Debug|Any CPU.Build.0 = Debug|Any CPU
		{41510E02-E6AE-44D5-8AF6-33D560A6D732}.Release|Any CPU.ActiveCfg = Release|Any CPU
		{41510E02-E6AE-44D5-8AF6-33D560A6D732}.Release|Any CPU.Build.0 = Release|Any CPU
		{F41FDDDA-2BD9-462D-B3A3-2980B87B4A95}.Debug|Any CPU.ActiveCfg = Debug|Any CPU
		{F41FDDDA-2BD9-462D-B3A3-2980B87B4A95}.Debug|Any CPU.Build.0 = Debug|Any CPU
		{F41FDDDA-2BD9-462D-B3A3-2980B87B4A95}.Release|Any CPU.ActiveCfg = Release|Any CPU
		{F41FDDDA-2BD9-462D-B3A3-2980B87B4A95}.Release|Any CPU.Build.0 = Release|Any CPU
		{8EB84611-9B16-4604-85E9-A976C4EA920B}.Debug|Any CPU.ActiveCfg = Debug|Any CPU
		{8EB84611-9B16-4604-85E9-A976C4EA920B}.Debug|Any CPU.Build.0 = Debug|Any CPU
		{8EB84611-9B16-4604-85E9-A976C4EA920B}.Release|Any CPU.ActiveCfg = Release|Any CPU
		{8EB84611-9B16-4604-85E9-A976C4EA920B}.Release|Any CPU.Build.0 = Release|Any CPU
		{2AB7D769-20CF-4316-A5FD-510576A0D637}.Debug|Any CPU.ActiveCfg = Debug|Any CPU
		{2AB7D769-20CF-4316-A5FD-510576A0D637}.Debug|Any CPU.Build.0 = Debug|Any CPU
		{2AB7D769-20CF-4316-A5FD-510576A0D637}.Release|Any CPU.ActiveCfg = Release|Any CPU
		{2AB7D769-20CF-4316-A5FD-510576A0D637}.Release|Any CPU.Build.0 = Release|Any CPU
	EndGlobalSection
	GlobalSection(SolutionProperties) = preSolution
		HideSolutionNode = FALSE
	EndGlobalSection
	GlobalSection(NestedProjects) = preSolution
		{41510E02-E6AE-44D5-8AF6-33D560A6D732} = {EDB503ED-0B7B-4D76-8689-EA8938A25B44}
		{2AB7D769-20CF-4316-A5FD-510576A0D637} = {EDB503ED-0B7B-4D76-8689-EA8938A25B44}
	EndGlobalSection
	GlobalSection(ExtensibilityGlobals) = postSolution
		SolutionGuid = {92B759B9-E2CB-4150-847B-76F18B49B8E9}
	EndGlobalSection
EndGlobal
